
Microsoft Visual Studio Solution File, Format Version 12.00
# Visual Studio Version 17
VisualStudioVersion = 17.4.33110.190
MinimumVisualStudioVersion = 10.0.40219.1
Project("{FAE04EC0-301F-11D3-BF4B-00C04F79EFBC}") = "Task13_JwtWebAPI", "Task13_JwtWebAPI\Task13_JwtWebAPI.csproj", "{A2491A85-5985-4E5F-B8F8-5783C854061C}"
EndProject
Global
	GlobalSection(SolutionConfigurationPlatforms) = preSolution
		Debug|Any CPU = Debug|Any CPU
		Release|Any CPU = Release|Any CPU
	EndGlobalSection
	GlobalSection(ProjectConfigurationPlatforms) = postSolution
		{A2491A85-5985-4E5F-B8F8-5783C854061C}.Debug|Any CPU.ActiveCfg = Debug|Any CPU
		{A2491A85-5985-4E5F-B8F8-5783C854061C}.Debug|Any CPU.Build.0 = Debug|Any CPU
		{A2491A85-5985-4E5F-B8F8-5783C854061C}.Release|Any CPU.ActiveCfg = Release|Any CPU
		{A2491A85-5985-4E5F-B8F8-5783C854061C}.Release|Any CPU.Build.0 = Release|Any CPU
	EndGlobalSection
	GlobalSection(SolutionProperties) = preSolution
		HideSolutionNode = FALSE
	EndGlobalSection
	GlobalSection(ExtensibilityGlobals) = postSolution
		SolutionGuid = {C2B4346E-EF0F-46A7-BB35-D6A09AA82470}
	EndGlobalSection
EndGlobal
